// !$*UTF8*$!
{
	archiveVersion = 1;
	classes = {
	};
	objectVersion = 46;
	objects = {

/* Begin PBXBuildFile section */
		037E9EA81D2F09F1004DBEC4 /* AppDelegate.swift in Sources */ = {isa = PBXBuildFile; fileRef = 037E9EA71D2F09F1004DBEC4 /* AppDelegate.swift */; };
		037E9EAD1D2F09F1004DBEC4 /* Main.storyboard in Resources */ = {isa = PBXBuildFile; fileRef = 037E9EAB1D2F09F1004DBEC4 /* Main.storyboard */; };
		037E9EAF1D2F09F1004DBEC4 /* Assets.xcassets in Resources */ = {isa = PBXBuildFile; fileRef = 037E9EAE1D2F09F1004DBEC4 /* Assets.xcassets */; };
		037E9EB21D2F09F1004DBEC4 /* LaunchScreen.storyboard in Resources */ = {isa = PBXBuildFile; fileRef = 037E9EB01D2F09F1004DBEC4 /* LaunchScreen.storyboard */; };
		037E9EBD1D2F09F1004DBEC4 /* Rock_Paper_ScissorsTests.swift in Sources */ = {isa = PBXBuildFile; fileRef = 037E9EBC1D2F09F1004DBEC4 /* Rock_Paper_ScissorsTests.swift */; };
		037E9EC81D2F0E71004DBEC4 /* MainViewController.swift in Sources */ = {isa = PBXBuildFile; fileRef = 037E9EC71D2F0E71004DBEC4 /* MainViewController.swift */; };
		037E9ECA1D2F15BD004DBEC4 /* AboutViewController.swift in Sources */ = {isa = PBXBuildFile; fileRef = 037E9EC91D2F15BD004DBEC4 /* AboutViewController.swift */; };
		037E9ECC1D2F1B7D004DBEC4 /* ResultViewController.swift in Sources */ = {isa = PBXBuildFile; fileRef = 037E9ECB1D2F1B7D004DBEC4 /* ResultViewController.swift */; };
		037E9ECE1D2F2230004DBEC4 /* Hand.swift in Sources */ = {isa = PBXBuildFile; fileRef = 037E9ECD1D2F2230004DBEC4 /* Hand.swift */; };
		037E9ED01D2F2291004DBEC4 /* Hands.swift in Sources */ = {isa = PBXBuildFile; fileRef = 037E9ECF1D2F2291004DBEC4 /* Hands.swift */; };
		037E9ED21D2F240D004DBEC4 /* Game.swift in Sources */ = {isa = PBXBuildFile; fileRef = 037E9ED11D2F240D004DBEC4 /* Game.swift */; };
		03BED9C41D52401300D06C86 /* Results.swift in Sources */ = {isa = PBXBuildFile; fileRef = 03BED9C31D52401300D06C86 /* Results.swift */; };
		03BED9C61D5241BF00D06C86 /* Result.swift in Sources */ = {isa = PBXBuildFile; fileRef = 03BED9C51D5241BF00D06C86 /* Result.swift */; };
		03BED9C81D5243EF00D06C86 /* HistoryViewController.swift in Sources */ = {isa = PBXBuildFile; fileRef = 03BED9C71D5243EF00D06C86 /* HistoryViewController.swift */; };
/* End PBXBuildFile section */

/* Begin PBXContainerItemProxy section */
		037E9EB91D2F09F1004DBEC4 /* PBXContainerItemProxy */ = {
			isa = PBXContainerItemProxy;
			containerPortal = 037E9E9C1D2F09F1004DBEC4 /* Project object */;
			proxyType = 1;
			remoteGlobalIDString = 037E9EA31D2F09F1004DBEC4;
			remoteInfo = "Rock Paper Scissors";
		};
/* End PBXContainerItemProxy section */

/* Begin PBXFileReference section */
		037E9EA41D2F09F1004DBEC4 /* RPS.app */ = {isa = PBXFileReference; explicitFileType = wrapper.application; includeInIndex = 0; path = RPS.app; sourceTree = BUILT_PRODUCTS_DIR; };
		037E9EA71D2F09F1004DBEC4 /* AppDelegate.swift */ = {isa = PBXFileReference; lastKnownFileType = sourcecode.swift; path = AppDelegate.swift; sourceTree = "<group>"; };
		037E9EAC1D2F09F1004DBEC4 /* Base */ = {isa = PBXFileReference; lastKnownFileType = file.storyboard; name = Base; path = Base.lproj/Main.storyboard; sourceTree = "<group>"; };
		037E9EAE1D2F09F1004DBEC4 /* Assets.xcassets */ = {isa = PBXFileReference; lastKnownFileType = folder.assetcatalog; path = Assets.xcassets; sourceTree = "<group>"; };
		037E9EB11D2F09F1004DBEC4 /* Base */ = {isa = PBXFileReference; lastKnownFileType = file.storyboard; name = Base; path = Base.lproj/LaunchScreen.storyboard; sourceTree = "<group>"; };
		037E9EB31D2F09F1004DBEC4 /* Info.plist */ = {isa = PBXFileReference; lastKnownFileType = text.plist.xml; path = Info.plist; sourceTree = "<group>"; };
		037E9EB81D2F09F1004DBEC4 /* Rock Paper ScissorsTests.xctest */ = {isa = PBXFileReference; explicitFileType = wrapper.cfbundle; includeInIndex = 0; path = "Rock Paper ScissorsTests.xctest"; sourceTree = BUILT_PRODUCTS_DIR; };
		037E9EBC1D2F09F1004DBEC4 /* Rock_Paper_ScissorsTests.swift */ = {isa = PBXFileReference; lastKnownFileType = sourcecode.swift; path = Rock_Paper_ScissorsTests.swift; sourceTree = "<group>"; };
		037E9EBE1D2F09F1004DBEC4 /* Info.plist */ = {isa = PBXFileReference; lastKnownFileType = text.plist.xml; path = Info.plist; sourceTree = "<group>"; };
		037E9EC71D2F0E71004DBEC4 /* MainViewController.swift */ = {isa = PBXFileReference; fileEncoding = 4; lastKnownFileType = sourcecode.swift; path = MainViewController.swift; sourceTree = "<group>"; };
		037E9EC91D2F15BD004DBEC4 /* AboutViewController.swift */ = {isa = PBXFileReference; fileEncoding = 4; lastKnownFileType = sourcecode.swift; path = AboutViewController.swift; sourceTree = "<group>"; };
		037E9ECB1D2F1B7D004DBEC4 /* ResultViewController.swift */ = {isa = PBXFileReference; fileEncoding = 4; lastKnownFileType = sourcecode.swift; path = ResultViewController.swift; sourceTree = "<group>"; };
		037E9ECD1D2F2230004DBEC4 /* Hand.swift */ = {isa = PBXFileReference; fileEncoding = 4; lastKnownFileType = sourcecode.swift; path = Hand.swift; sourceTree = "<group>"; };
		037E9ECF1D2F2291004DBEC4 /* Hands.swift */ = {isa = PBXFileReference; fileEncoding = 4; lastKnownFileType = sourcecode.swift; path = Hands.swift; sourceTree = "<group>"; };
		037E9ED11D2F240D004DBEC4 /* Game.swift */ = {isa = PBXFileReference; fileEncoding = 4; lastKnownFileType = sourcecode.swift; path = Game.swift; sourceTree = "<group>"; };
		037E9ED31D2F2F24004DBEC4 /* README.md */ = {isa = PBXFileReference; fileEncoding = 4; lastKnownFileType = net.daringfireball.markdown; path = README.md; sourceTree = "<group>"; };
		03BED9C31D52401300D06C86 /* Results.swift */ = {isa = PBXFileReference; fileEncoding = 4; lastKnownFileType = sourcecode.swift; path = Results.swift; sourceTree = "<group>"; };
		03BED9C51D5241BF00D06C86 /* Result.swift */ = {isa = PBXFileReference; fileEncoding = 4; lastKnownFileType = sourcecode.swift; path = Result.swift; sourceTree = "<group>"; };
		03BED9C71D5243EF00D06C86 /* HistoryViewController.swift */ = {isa = PBXFileReference; fileEncoding = 4; lastKnownFileType = sourcecode.swift; path = HistoryViewController.swift; sourceTree = "<group>"; };
/* End PBXFileReference section */

/* Begin PBXFrameworksBuildPhase section */
		037E9EA11D2F09F1004DBEC4 /* Frameworks */ = {
			isa = PBXFrameworksBuildPhase;
			buildActionMask = 2147483647;
			files = (
			);
			runOnlyForDeploymentPostprocessing = 0;
		};
		037E9EB51D2F09F1004DBEC4 /* Frameworks */ = {
			isa = PBXFrameworksBuildPhase;
			buildActionMask = 2147483647;
			files = (
			);
			runOnlyForDeploymentPostprocessing = 0;
		};
/* End PBXFrameworksBuildPhase section */

/* Begin PBXGroup section */
		037E9E9B1D2F09F1004DBEC4 = {
			isa = PBXGroup;
			children = (
				037E9ED31D2F2F24004DBEC4 /* README.md */,
				037E9EA61D2F09F1004DBEC4 /* Rock Paper Scissors */,
				037E9EBB1D2F09F1004DBEC4 /* Rock Paper ScissorsTests */,
				037E9EA51D2F09F1004DBEC4 /* Products */,
			);
			sourceTree = "<group>";
		};
		037E9EA51D2F09F1004DBEC4 /* Products */ = {
			isa = PBXGroup;
			children = (
				037E9EA41D2F09F1004DBEC4 /* RPS.app */,
				037E9EB81D2F09F1004DBEC4 /* Rock Paper ScissorsTests.xctest */,
			);
			name = Products;
			sourceTree = "<group>";
		};
		037E9EA61D2F09F1004DBEC4 /* Rock Paper Scissors */ = {
			isa = PBXGroup;
			children = (
				037E9EC71D2F0E71004DBEC4 /* MainViewController.swift */,
				037E9ECB1D2F1B7D004DBEC4 /* ResultViewController.swift */,
				037E9EC91D2F15BD004DBEC4 /* AboutViewController.swift */,
				03BED9C71D5243EF00D06C86 /* HistoryViewController.swift */,
				037E9EA71D2F09F1004DBEC4 /* AppDelegate.swift */,
				037E9EAB1D2F09F1004DBEC4 /* Main.storyboard */,
				037E9EAE1D2F09F1004DBEC4 /* Assets.xcassets */,
				037E9EB01D2F09F1004DBEC4 /* LaunchScreen.storyboard */,
				037E9EB31D2F09F1004DBEC4 /* Info.plist */,
				037E9ECD1D2F2230004DBEC4 /* Hand.swift */,
				037E9ECF1D2F2291004DBEC4 /* Hands.swift */,
				037E9ED11D2F240D004DBEC4 /* Game.swift */,
				03BED9C51D5241BF00D06C86 /* Result.swift */,
				03BED9C31D52401300D06C86 /* Results.swift */,
			);
			path = "Rock Paper Scissors";
			sourceTree = "<group>";
		};
		037E9EBB1D2F09F1004DBEC4 /* Rock Paper ScissorsTests */ = {
			isa = PBXGroup;
			children = (
				037E9EBC1D2F09F1004DBEC4 /* Rock_Paper_ScissorsTests.swift */,
				037E9EBE1D2F09F1004DBEC4 /* Info.plist */,
			);
			path = "Rock Paper ScissorsTests";
			sourceTree = "<group>";
		};
/* End PBXGroup section */

/* Begin PBXNativeTarget section */
		037E9EA31D2F09F1004DBEC4 /* RPS */ = {
			isa = PBXNativeTarget;
			buildConfigurationList = 037E9EC11D2F09F1004DBEC4 /* Build configuration list for PBXNativeTarget "RPS" */;
			buildPhases = (
				037E9EA01D2F09F1004DBEC4 /* Sources */,
				037E9EA11D2F09F1004DBEC4 /* Frameworks */,
				037E9EA21D2F09F1004DBEC4 /* Resources */,
			);
			buildRules = (
			);
			dependencies = (
			);
			name = RPS;
			productName = "Rock Paper Scissors";
			productReference = 037E9EA41D2F09F1004DBEC4 /* RPS.app */;
			productType = "com.apple.product-type.application";
		};
		037E9EB71D2F09F1004DBEC4 /* Rock Paper ScissorsTests */ = {
			isa = PBXNativeTarget;
			buildConfigurationList = 037E9EC41D2F09F1004DBEC4 /* Build configuration list for PBXNativeTarget "Rock Paper ScissorsTests" */;
			buildPhases = (
				037E9EB41D2F09F1004DBEC4 /* Sources */,
				037E9EB51D2F09F1004DBEC4 /* Frameworks */,
				037E9EB61D2F09F1004DBEC4 /* Resources */,
			);
			buildRules = (
			);
			dependencies = (
				037E9EBA1D2F09F1004DBEC4 /* PBXTargetDependency */,
			);
			name = "Rock Paper ScissorsTests";
			productName = "Rock Paper ScissorsTests";
			productReference = 037E9EB81D2F09F1004DBEC4 /* Rock Paper ScissorsTests.xctest */;
			productType = "com.apple.product-type.bundle.unit-test";
		};
/* End PBXNativeTarget section */

/* Begin PBXProject section */
		037E9E9C1D2F09F1004DBEC4 /* Project object */ = {
			isa = PBXProject;
			attributes = {
				LastSwiftUpdateCheck = 0730;
				LastUpgradeCheck = 0730;
				ORGANIZATIONNAME = "Nico Schuele";
				TargetAttributes = {
					037E9EA31D2F09F1004DBEC4 = {
						CreatedOnToolsVersion = 7.3.1;
						DevelopmentTeam = 89K854R6UT;
					};
					037E9EB71D2F09F1004DBEC4 = {
						CreatedOnToolsVersion = 7.3.1;
						TestTargetID = 037E9EA31D2F09F1004DBEC4;
					};
				};
			};
			buildConfigurationList = 037E9E9F1D2F09F1004DBEC4 /* Build configuration list for PBXProject "Rock Paper Scissors" */;
			compatibilityVersion = "Xcode 3.2";
			developmentRegion = English;
			hasScannedForEncodings = 0;
			knownRegions = (
				en,
				Base,
			);
			mainGroup = 037E9E9B1D2F09F1004DBEC4;
			productRefGroup = 037E9EA51D2F09F1004DBEC4 /* Products */;
			projectDirPath = "";
			projectRoot = "";
			targets = (
				037E9EA31D2F09F1004DBEC4 /* RPS */,
				037E9EB71D2F09F1004DBEC4 /* Rock Paper ScissorsTests */,
			);
		};
/* End PBXProject section */

/* Begin PBXResourcesBuildPhase section */
		037E9EA21D2F09F1004DBEC4 /* Resources */ = {
			isa = PBXResourcesBuildPhase;
			buildActionMask = 2147483647;
			files = (
				037E9EB21D2F09F1004DBEC4 /* LaunchScreen.storyboard in Resources */,
				037E9EAF1D2F09F1004DBEC4 /* Assets.xcassets in Resources */,
				037E9EAD1D2F09F1004DBEC4 /* Main.storyboard in Resources */,
			);
			runOnlyForDeploymentPostprocessing = 0;
		};
		037E9EB61D2F09F1004DBEC4 /* Resources */ = {
			isa = PBXResourcesBuildPhase;
			buildActionMask = 2147483647;
			files = (
			);
			runOnlyForDeploymentPostprocessing = 0;
		};
/* End PBXResourcesBuildPhase section */

/* Begin PBXSourcesBuildPhase section */
		037E9EA01D2F09F1004DBEC4 /* Sources */ = {
			isa = PBXSourcesBuildPhase;
			buildActionMask = 2147483647;
			files = (
				03BED9C61D5241BF00D06C86 /* Result.swift in Sources */,
				037E9ECA1D2F15BD004DBEC4 /* AboutViewController.swift in Sources */,
				037E9ECE1D2F2230004DBEC4 /* Hand.swift in Sources */,
				03BED9C81D5243EF00D06C86 /* HistoryViewController.swift in Sources */,
				03BED9C41D52401300D06C86 /* Results.swift in Sources */,
				037E9ED21D2F240D004DBEC4 /* Game.swift in Sources */,
				037E9EA81D2F09F1004DBEC4 /* AppDelegate.swift in Sources */,
				037E9EC81D2F0E71004DBEC4 /* MainViewController.swift in Sources */,
				037E9ED01D2F2291004DBEC4 /* Hands.swift in Sources */,
				037E9ECC1D2F1B7D004DBEC4 /* ResultViewController.swift in Sources */,
			);
			runOnlyForDeploymentPostprocessing = 0;
		};
		037E9EB41D2F09F1004DBEC4 /* Sources */ = {
			isa = PBXSourcesBuildPhase;
			buildActionMask = 2147483647;
			files = (
				037E9EBD1D2F09F1004DBEC4 /* Rock_Paper_ScissorsTests.swift in Sources */,
			);
			runOnlyForDeploymentPostprocessing = 0;
		};
/* End PBXSourcesBuildPhase section */

/* Begin PBXTargetDependency section */
		037E9EBA1D2F09F1004DBEC4 /* PBXTargetDependency */ = {
			isa = PBXTargetDependency;
			target = 037E9EA31D2F09F1004DBEC4 /* RPS */;
			targetProxy = 037E9EB91D2F09F1004DBEC4 /* PBXContainerItemProxy */;
		};
/* End PBXTargetDependency section */

/* Begin PBXVariantGroup section */
		037E9EAB1D2F09F1004DBEC4 /* Main.storyboard */ = {
			isa = PBXVariantGroup;
			children = (
				037E9EAC1D2F09F1004DBEC4 /* Base */,
			);
			name = Main.storyboard;
			sourceTree = "<group>";
		};
		037E9EB01D2F09F1004DBEC4 /* LaunchScreen.storyboard */ = {
			isa = PBXVariantGroup;
			children = (
				037E9EB11D2F09F1004DBEC4 /* Base */,
			);
			name = LaunchScreen.storyboard;
			sourceTree = "<group>";
		};
/* End PBXVariantGroup section */

/* Begin XCBuildConfiguration section */
		037E9EBF1D2F09F1004DBEC4 /* Debug */ = {
			isa = XCBuildConfiguration;
			buildSettings = {
				ALWAYS_SEARCH_USER_PATHS = NO;
				CLANG_ANALYZER_NONNULL = YES;
				CLANG_CXX_LANGUAGE_STANDARD = "gnu++0x";
				CLANG_CXX_LIBRARY = "libc++";
				CLANG_ENABLE_MODULES = YES;
				CLANG_ENABLE_OBJC_ARC = YES;
				CLANG_WARN_BOOL_CONVERSION = YES;
				CLANG_WARN_CONSTANT_CONVERSION = YES;
				CLANG_WARN_DIRECT_OBJC_ISA_USAGE = YES_ERROR;
				CLANG_WARN_EMPTY_BODY = YES;
				CLANG_WARN_ENUM_CONVERSION = YES;
				CLANG_WARN_INT_CONVERSION = YES;
				CLANG_WARN_OBJC_ROOT_CLASS = YES_ERROR;
				CLANG_WARN_UNREACHABLE_CODE = YES;
				CLANG_WARN__DUPLICATE_METHOD_MATCH = YES;
				"CODE_SIGN_IDENTITY[sdk=iphoneos*]" = "iPhone Developer";
				COPY_PHASE_STRIP = NO;
				DEBUG_INFORMATION_FORMAT = dwarf;
				ENABLE_STRICT_OBJC_MSGSEND = YES;
				ENABLE_TESTABILITY = YES;
				GCC_C_LANGUAGE_STANDARD = gnu99;
				GCC_DYNAMIC_NO_PIC = NO;
				GCC_NO_COMMON_BLOCKS = YES;
				GCC_OPTIMIZATION_LEVEL = 0;
				GCC_PREPROCESSOR_DEFINITIONS = (
					"DEBUG=1",
					"$(inherited)",
				);
				GCC_WARN_64_TO_32_BIT_CONVERSION = YES;
				GCC_WARN_ABOUT_RETURN_TYPE = YES_ERROR;
				GCC_WARN_UNDECLARED_SELECTOR = YES;
				GCC_WARN_UNINITIALIZED_AUTOS = YES_AGGRESSIVE;
				GCC_WARN_UNUSED_FUNCTION = YES;
				GCC_WARN_UNUSED_VARIABLE = YES;
				IPHONEOS_DEPLOYMENT_TARGET = 9.3;
				MTL_ENABLE_DEBUG_INFO = YES;
				ONLY_ACTIVE_ARCH = YES;
				SDKROOT = iphoneos;
				SWIFT_OPTIMIZATION_LEVEL = "-Onone";
			};
			name = Debug;
		};
		037E9EC01D2F09F1004DBEC4 /* Release */ = {
			isa = XCBuildConfiguration;
			buildSettings = {
				ALWAYS_SEARCH_USER_PATHS = NO;
				CLANG_ANALYZER_NONNULL = YES;
				CLANG_CXX_LANGUAGE_STANDARD = "gnu++0x";
				CLANG_CXX_LIBRARY = "libc++";
				CLANG_ENABLE_MODULES = YES;
				CLANG_ENABLE_OBJC_ARC = YES;
				CLANG_WARN_BOOL_CONVERSION = YES;
				CLANG_WARN_CONSTANT_CONVERSION = YES;
				CLANG_WARN_DIRECT_OBJC_ISA_USAGE = YES_ERROR;
				CLANG_WARN_EMPTY_BODY = YES;
				CLANG_WARN_ENUM_CONVERSION = YES;
				CLANG_WARN_INT_CONVERSION = YES;
				CLANG_WARN_OBJC_ROOT_CLASS = YES_ERROR;
				CLANG_WARN_UNREACHABLE_CODE = YES;
				CLANG_WARN__DUPLICATE_METHOD_MATCH = YES;
				"CODE_SIGN_IDENTITY[sdk=iphoneos*]" = "iPhone Developer";
				COPY_PHASE_STRIP = NO;
				DEBUG_INFORMATION_FORMAT = "dwarf-with-dsym";
				ENABLE_NS_ASSERTIONS = NO;
				ENABLE_STRICT_OBJC_MSGSEND = YES;
				GCC_C_LANGUAGE_STANDARD = gnu99;
				GCC_NO_COMMON_BLOCKS = YES;
				GCC_WARN_64_TO_32_BIT_CONVERSION = YES;
				GCC_WARN_ABOUT_RETURN_TYPE = YES_ERROR;
				GCC_WARN_UNDECLARED_SELECTOR = YES;
				GCC_WARN_UNINITIALIZED_AUTOS = YES_AGGRESSIVE;
				GCC_WARN_UNUSED_FUNCTION = YES;
				GCC_WARN_UNUSED_VARIABLE = YES;
				IPHONEOS_DEPLOYMENT_TARGET = 9.3;
				MTL_ENABLE_DEBUG_INFO = NO;
				SDKROOT = iphoneos;
				VALIDATE_PRODUCT = YES;
			};
			name = Release;
		};
		037E9EC21D2F09F1004DBEC4 /* Debug */ = {
			isa = XCBuildConfiguration;
			buildSettings = {
				ASSETCATALOG_COMPILER_APPICON_NAME = AppIcon;
				CODE_SIGN_IDENTITY = "iPhone Developer: nicoschuele@gmail.com (944A3BR592)";
				INFOPLIST_FILE = "Rock Paper Scissors/Info.plist";
				IPHONEOS_DEPLOYMENT_TARGET = 9.0;
				LD_RUNPATH_SEARCH_PATHS = "$(inherited) @executable_path/Frameworks";
				PRODUCT_BUNDLE_IDENTIFIER = "com.nicoschuele.Rock-Paper-Scissors";
				PRODUCT_NAME = "$(TARGET_NAME)";
			};
			name = Debug;
		};
		037E9EC31D2F09F1004DBEC4 /* Release */ = {
			isa = XCBuildConfiguration;
			buildSettings = {
				ASSETCATALOG_COMPILER_APPICON_NAME = AppIcon;
				CODE_SIGN_IDENTITY = "iPhone Distribution: Nicolas Schuele (89K854R6UT)";
				INFOPLIST_FILE = "Rock Paper Scissors/Info.plist";
				IPHONEOS_DEPLOYMENT_TARGET = 9.0;
				LD_RUNPATH_SEARCH_PATHS = "$(inherited) @executable_path/Frameworks";
				PRODUCT_BUNDLE_IDENTIFIER = "com.nicoschuele.Rock-Paper-Scissors";
				PRODUCT_NAME = "$(TARGET_NAME)";
			};
			name = Release;
		};
		037E9EC51D2F09F1004DBEC4 /* Debug */ = {
			isa = XCBuildConfiguration;
			buildSettings = {
				BUNDLE_LOADER = "$(TEST_HOST)";
				INFOPLIST_FILE = "Rock Paper ScissorsTests/Info.plist";
				LD_RUNPATH_SEARCH_PATHS = "$(inherited) @executable_path/Frameworks @loader_path/Frameworks";
				PRODUCT_BUNDLE_IDENTIFIER = "com.nicoschuele.Rock-Paper-ScissorsTests";
				PRODUCT_NAME = "$(TARGET_NAME)";
				TEST_HOST = "$(BUILT_PRODUCTS_DIR)/Rock Paper Scissors.app/Rock Paper Scissors";
			};
			name = Debug;
		};
		037E9EC61D2F09F1004DBEC4 /* Release */ = {
			isa = XCBuildConfiguration;
			buildSettings = {
				BUNDLE_LOADER = "$(TEST_HOST)";
				INFOPLIST_FILE = "Rock Paper ScissorsTests/Info.plist";
				LD_RUNPATH_SEARCH_PATHS = "$(inherited) @executable_path/Frameworks @loader_path/Frameworks";
				PRODUCT_BUNDLE_IDENTIFIER = "com.nicoschuele.Rock-Paper-ScissorsTests";
				PRODUCT_NAME = "$(TARGET_NAME)";
				TEST_HOST = "$(BUILT_PRODUCTS_DIR)/Rock Paper Scissors.app/Rock Paper Scissors";
			};
			name = Release;
		};
/* End XCBuildConfiguration section */

/* Begin XCConfigurationList section */
		037E9E9F1D2F09F1004DBEC4 /* Build configuration list for PBXProject "Rock Paper Scissors" */ = {
			isa = XCConfigurationList;
			buildConfigurations = (
				037E9EBF1D2F09F1004DBEC4 /* Debug */,
				037E9EC01D2F09F1004DBEC4 /* Release */,
			);
			defaultConfigurationIsVisible = 0;
			defaultConfigurationName = Release;
		};
		037E9EC11D2F09F1004DBEC4 /* Build configuration list for PBXNativeTarget "RPS" */ = {
			isa = XCConfigurationList;
			buildConfigurations = (
				037E9EC21D2F09F1004DBEC4 /* Debug */,
				037E9EC31D2F09F1004DBEC4 /* Release */,
			);
			defaultConfigurationIsVisible = 0;
			defaultConfigurationName = Release;
		};
		037E9EC41D2F09F1004DBEC4 /* Build configuration list for PBXNativeTarget "Rock Paper ScissorsTests" */ = {
			isa = XCConfigurationList;
			buildConfigurations = (
				037E9EC51D2F09F1004DBEC4 /* Debug */,
				037E9EC61D2F09F1004DBEC4 /* Release */,
			);
			defaultConfigurationIsVisible = 0;
			defaultConfigurationName = Release;
		};
/* End XCConfigurationList section */
	};
	rootObject = 037E9E9C1D2F09F1004DBEC4 /* Project object */;
}
